
Microsoft Visual Studio Solution File, Format Version 12.00
# Visual Studio Version 17
VisualStudioVersion = 17.8.34511.84
MinimumVisualStudioVersion = 10.0.40219.1
Project("{9A19103F-16F7-4668-BE54-9A1E7A4F7556}") = "c-sharp-stuff", "c-sharp-stuff\c-sharp-stuff.csproj", "{25E3CCAB-0FB8-44F3-901E-D457E70DBEEF}"
EndProject
Project("{9A19103F-16F7-4668-BE54-9A1E7A4F7556}") = "Sort", "Sort\Sort.csproj", "{7E942F4A-DEAE-4FC8-A41C-3F16E0EE106C}"
EndProject
Project("{9A19103F-16F7-4668-BE54-9A1E7A4F7556}") = "ControlFlow", "ControlFlow\ControlFlow.csproj", "{2430B518-F0BE-4AB2-BDDA-A3B73F2D3F2D}"
EndProject
Project("{9A19103F-16F7-4668-BE54-9A1E7A4F7556}") = "AllAboutEnum", "AllAboutEnum\AllAboutEnum.csproj", "{8525048A-1FB6-4689-971B-F12412B48C56}"
EndProject
Project("{9A19103F-16F7-4668-BE54-9A1E7A4F7556}") = "Reflection", "Reflection\Reflection.csproj", "{635156EA-19F7-4301-8A07-B3CB031E015D}"
EndProject
Project("{9A19103F-16F7-4668-BE54-9A1E7A4F7556}") = "MultiThreading", "MultiThreading\MultiThreading.csproj", "{BA7B9BAB-C156-40C9-9CB7-2255D2379579}"
EndProject
Project("{9A19103F-16F7-4668-BE54-9A1E7A4F7556}") = "Asynchrony", "Asynchrony\Asynchrony.csproj", "{F3015050-F393-4E99-80CD-809A04E2A852}"
EndProject
Project("{9A19103F-16F7-4668-BE54-9A1E7A4F7556}") = "VariablesAndParameters", "VariablesAndParameters\VariablesAndParameters.csproj", "{064696EA-BFFC-4D55-84A4-93E2A3891553}"
EndProject
Project("{9A19103F-16F7-4668-BE54-9A1E7A4F7556}") = "RegEx", "RegEx\RegEx.csproj", "{F91F45D5-5ED3-4437-922E-BF2F6E565EC7}"
EndProject
Project("{9A19103F-16F7-4668-BE54-9A1E7A4F7556}") = "UnitTests", "UnitTests\UnitTests.csproj", "{644C6F34-C028-45C9-A4B1-FDB436A4E19D}"
EndProject
Project("{9A19103F-16F7-4668-BE54-9A1E7A4F7556}") = "Algorithms", "Algorithms\Algorithms.csproj", "{B9B6B89C-A95B-464D-AB33-54DB85840589}"
EndProject
Project("{9A19103F-16F7-4668-BE54-9A1E7A4F7556}") = "Array", "Array\Array.csproj", "{610DFBB6-3446-48B1-B354-413B66D320C9}"
EndProject
Project("{9A19103F-16F7-4668-BE54-9A1E7A4F7556}") = "BinarySearch", "BinarySearch\BinarySearch.csproj", "{EB789DB7-10FB-4C45-83EE-BB8BFF2ADCD4}"
EndProject
Project("{9A19103F-16F7-4668-BE54-9A1E7A4F7556}") = "BinaryTree", "BinaryTree\BinaryTree.csproj", "{536D408A-762C-44D7-AE8B-7368F1C137B9}"
EndProject
Project("{FAE04EC0-301F-11D3-BF4B-00C04F79EFBC}") = "ExceptionHandling", "ExceptionHandling\ExceptionHandling.csproj", "{3FB36FB4-C8E2-4813-BE39-970654501EC4}"
EndProject
Global
	GlobalSection(SolutionConfigurationPlatforms) = preSolution
		Debug|Any CPU = Debug|Any CPU
		Release|Any CPU = Release|Any CPU
	EndGlobalSection
	GlobalSection(ProjectConfigurationPlatforms) = postSolution
		{25E3CCAB-0FB8-44F3-901E-D457E70DBEEF}.Debug|Any CPU.ActiveCfg = Debug|Any CPU
		{25E3CCAB-0FB8-44F3-901E-D457E70DBEEF}.Debug|Any CPU.Build.0 = Debug|Any CPU
		{25E3CCAB-0FB8-44F3-901E-D457E70DBEEF}.Release|Any CPU.ActiveCfg = Release|Any CPU
		{25E3CCAB-0FB8-44F3-901E-D457E70DBEEF}.Release|Any CPU.Build.0 = Release|Any CPU
		{7E942F4A-DEAE-4FC8-A41C-3F16E0EE106C}.Debug|Any CPU.ActiveCfg = Debug|Any CPU
		{7E942F4A-DEAE-4FC8-A41C-3F16E0EE106C}.Debug|Any CPU.Build.0 = Debug|Any CPU
		{7E942F4A-DEAE-4FC8-A41C-3F16E0EE106C}.Release|Any CPU.ActiveCfg = Release|Any CPU
		{7E942F4A-DEAE-4FC8-A41C-3F16E0EE106C}.Release|Any CPU.Build.0 = Release|Any CPU
		{2430B518-F0BE-4AB2-BDDA-A3B73F2D3F2D}.Debug|Any CPU.ActiveCfg = Debug|Any CPU
		{2430B518-F0BE-4AB2-BDDA-A3B73F2D3F2D}.Debug|Any CPU.Build.0 = Debug|Any CPU
		{2430B518-F0BE-4AB2-BDDA-A3B73F2D3F2D}.Release|Any CPU.ActiveCfg = Release|Any CPU
		{2430B518-F0BE-4AB2-BDDA-A3B73F2D3F2D}.Release|Any CPU.Build.0 = Release|Any CPU
		{8525048A-1FB6-4689-971B-F12412B48C56}.Debug|Any CPU.ActiveCfg = Debug|Any CPU
		{8525048A-1FB6-4689-971B-F12412B48C56}.Debug|Any CPU.Build.0 = Debug|Any CPU
		{8525048A-1FB6-4689-971B-F12412B48C56}.Release|Any CPU.ActiveCfg = Release|Any CPU
		{8525048A-1FB6-4689-971B-F12412B48C56}.Release|Any CPU.Build.0 = Release|Any CPU
		{635156EA-19F7-4301-8A07-B3CB031E015D}.Debug|Any CPU.ActiveCfg = Debug|Any CPU
		{635156EA-19F7-4301-8A07-B3CB031E015D}.Debug|Any CPU.Build.0 = Debug|Any CPU
		{635156EA-19F7-4301-8A07-B3CB031E015D}.Release|Any CPU.ActiveCfg = Release|Any CPU
		{635156EA-19F7-4301-8A07-B3CB031E015D}.Release|Any CPU.Build.0 = Release|Any CPU
		{BA7B9BAB-C156-40C9-9CB7-2255D2379579}.Debug|Any CPU.ActiveCfg = Debug|Any CPU
		{BA7B9BAB-C156-40C9-9CB7-2255D2379579}.Debug|Any CPU.Build.0 = Debug|Any CPU
		{BA7B9BAB-C156-40C9-9CB7-2255D2379579}.Release|Any CPU.ActiveCfg = Release|Any CPU
		{BA7B9BAB-C156-40C9-9CB7-2255D2379579}.Release|Any CPU.Build.0 = Release|Any CPU
		{F3015050-F393-4E99-80CD-809A04E2A852}.Debug|Any CPU.ActiveCfg = Debug|Any CPU
		{F3015050-F393-4E99-80CD-809A04E2A852}.Debug|Any CPU.Build.0 = Debug|Any CPU
		{F3015050-F393-4E99-80CD-809A04E2A852}.Release|Any CPU.ActiveCfg = Release|Any CPU
		{F3015050-F393-4E99-80CD-809A04E2A852}.Release|Any CPU.Build.0 = Release|Any CPU
		{064696EA-BFFC-4D55-84A4-93E2A3891553}.Debug|Any CPU.ActiveCfg = Debug|Any CPU
		{064696EA-BFFC-4D55-84A4-93E2A3891553}.Debug|Any CPU.Build.0 = Debug|Any CPU
		{064696EA-BFFC-4D55-84A4-93E2A3891553}.Release|Any CPU.ActiveCfg = Release|Any CPU
		{064696EA-BFFC-4D55-84A4-93E2A3891553}.Release|Any CPU.Build.0 = Release|Any CPU
		{F91F45D5-5ED3-4437-922E-BF2F6E565EC7}.Debug|Any CPU.ActiveCfg = Debug|Any CPU
		{F91F45D5-5ED3-4437-922E-BF2F6E565EC7}.Debug|Any CPU.Build.0 = Debug|Any CPU
		{F91F45D5-5ED3-4437-922E-BF2F6E565EC7}.Release|Any CPU.ActiveCfg = Release|Any CPU
		{F91F45D5-5ED3-4437-922E-BF2F6E565EC7}.Release|Any CPU.Build.0 = Release|Any CPU
		{644C6F34-C028-45C9-A4B1-FDB436A4E19D}.Debug|Any CPU.ActiveCfg = Debug|Any CPU
		{644C6F34-C028-45C9-A4B1-FDB436A4E19D}.Debug|Any CPU.Build.0 = Debug|Any CPU
		{644C6F34-C028-45C9-A4B1-FDB436A4E19D}.Release|Any CPU.ActiveCfg = Release|Any CPU
		{644C6F34-C028-45C9-A4B1-FDB436A4E19D}.Release|Any CPU.Build.0 = Release|Any CPU
		{B9B6B89C-A95B-464D-AB33-54DB85840589}.Debug|Any CPU.ActiveCfg = Debug|Any CPU
		{B9B6B89C-A95B-464D-AB33-54DB85840589}.Debug|Any CPU.Build.0 = Debug|Any CPU
		{B9B6B89C-A95B-464D-AB33-54DB85840589}.Release|Any CPU.ActiveCfg = Release|Any CPU
		{B9B6B89C-A95B-464D-AB33-54DB85840589}.Release|Any CPU.Build.0 = Release|Any CPU
		{610DFBB6-3446-48B1-B354-413B66D320C9}.Debug|Any CPU.ActiveCfg = Debug|Any CPU
		{610DFBB6-3446-48B1-B354-413B66D320C9}.Debug|Any CPU.Build.0 = Debug|Any CPU
		{610DFBB6-3446-48B1-B354-413B66D320C9}.Release|Any CPU.ActiveCfg = Release|Any CPU
		{610DFBB6-3446-48B1-B354-413B66D320C9}.Release|Any CPU.Build.0 = Release|Any CPU
		{EB789DB7-10FB-4C45-83EE-BB8BFF2ADCD4}.Debug|Any CPU.ActiveCfg = Debug|Any CPU
		{EB789DB7-10FB-4C45-83EE-BB8BFF2ADCD4}.Debug|Any CPU.Build.0 = Debug|Any CPU
		{EB789DB7-10FB-4C45-83EE-BB8BFF2ADCD4}.Release|Any CPU.ActiveCfg = Release|Any CPU
		{EB789DB7-10FB-4C45-83EE-BB8BFF2ADCD4}.Release|Any CPU.Build.0 = Release|Any CPU
		{536D408A-762C-44D7-AE8B-7368F1C137B9}.Debug|Any CPU.ActiveCfg = Debug|Any CPU
		{536D408A-762C-44D7-AE8B-7368F1C137B9}.Debug|Any CPU.Build.0 = Debug|Any CPU
		{536D408A-762C-44D7-AE8B-7368F1C137B9}.Release|Any CPU.ActiveCfg = Release|Any CPU
		{536D408A-762C-44D7-AE8B-7368F1C137B9}.Release|Any CPU.Build.0 = Release|Any CPU
		{3FB36FB4-C8E2-4813-BE39-970654501EC4}.Debug|Any CPU.ActiveCfg = Debug|Any CPU
		{3FB36FB4-C8E2-4813-BE39-970654501EC4}.Debug|Any CPU.Build.0 = Debug|Any CPU
		{3FB36FB4-C8E2-4813-BE39-970654501EC4}.Release|Any CPU.ActiveCfg = Release|Any CPU
		{3FB36FB4-C8E2-4813-BE39-970654501EC4}.Release|Any CPU.Build.0 = Release|Any CPU
	EndGlobalSection
	GlobalSection(SolutionProperties) = preSolution
		HideSolutionNode = FALSE
	EndGlobalSection
	GlobalSection(ExtensibilityGlobals) = postSolution
		SolutionGuid = {C7132D1A-89AA-441E-9C4F-204FBAF57F07}
	EndGlobalSection
EndGlobal
